{
  "name": "example-release-workflow",
  "lockfileVersion": 3,
  "requires": true,
  "packages": {
    "": {
      "name": "example-release-workflow",
      "license": "MIT",
      "workspaces": [
        "units/*"
      ]
    },
    "node_modules/release-unit-1": {
      "resolved": "units/release-unit-1",
      "link": true
    },
    "node_modules/release-unit-2": {
      "resolved": "units/release-unit-2",
      "link": true
    },
    "node_modules/release-unit-3": {
      "resolved": "units/release-unit-3",
      "link": true
    },
    "units/release-unit-1": {
      "version": "0.1.0",
      "license": "MIT"
    },
    "units/release-unit-2": {
      "version": "0.1.0",
      "license": "MIT"
    },
    "units/release-unit-3": {
      "version": "0.0.1",
      "license": "MIT"
    }
  }
}
